
Microsoft Visual Studio Solution File, Format Version 12.00
# Visual Studio 15
VisualStudioVersion = 15.0.27703.2042
MinimumVisualStudioVersion = 10.0.40219.1
Project("{FAE04EC0-301F-11D3-BF4B-00C04F79EFBC}") = "ASPWebAPIDemo", "ASPWebAPIDemo\ASPWebAPIDemo.csproj", "{23B2F0BC-DD43-4CD5-B641-F6C44BA2085C}"
EndProject
Global
	GlobalSection(SolutionConfigurationPlatforms) = preSolution
		Debug|Any CPU = Debug|Any CPU
		Release|Any CPU = Release|Any CPU
	EndGlobalSection
	GlobalSection(ProjectConfigurationPlatforms) = postSolution
		{23B2F0BC-DD43-4CD5-B641-F6C44BA2085C}.Debug|Any CPU.ActiveCfg = Debug|Any CPU
		{23B2F0BC-DD43-4CD5-B641-F6C44BA2085C}.Debug|Any CPU.Build.0 = Debug|Any CPU
		{23B2F0BC-DD43-4CD5-B641-F6C44BA2085C}.Release|Any CPU.ActiveCfg = Release|Any CPU
		{23B2F0BC-DD43-4CD5-B641-F6C44BA2085C}.Release|Any CPU.Build.0 = Release|Any CPU
	EndGlobalSection
	GlobalSection(SolutionProperties) = preSolution
		HideSolutionNode = FALSE
	EndGlobalSection
	GlobalSection(ExtensibilityGlobals) = postSolution
		SolutionGuid = {C1EEB7C5-B93B-4C59-8087-134DA0C6700B}
	EndGlobalSection
EndGlobal
